// !$*UTF8*$!
{
	archiveVersion = 1;
	classes = {
	};
	objectVersion = 50;
	objects = {

/* Begin PBXBuildFile section */
		08B71FC825C04DED00D1FF60 /* +Info.swift in Sources */ = {isa = PBXBuildFile; fileRef = 08B71FC625C04DED00D1FF60 /* +Info.swift */; };
		08B71FC925C04DED00D1FF60 /* +Appearence.swift in Sources */ = {isa = PBXBuildFile; fileRef = 08B71FC725C04DED00D1FF60 /* +Appearence.swift */; };
		08F7A68F25B074C000250D41 /* AppDelegate.swift in Sources */ = {isa = PBXBuildFile; fileRef = 08F7A68E25B074C000250D41 /* AppDelegate.swift */; };
		08F7A69125B074C000250D41 /* SceneDelegate.swift in Sources */ = {isa = PBXBuildFile; fileRef = 08F7A69025B074C000250D41 /* SceneDelegate.swift */; };
		08F7A69325B074C000250D41 /* ViewController.swift in Sources */ = {isa = PBXBuildFile; fileRef = 08F7A69225B074C000250D41 /* ViewController.swift */; };
		08F7A69625B074C000250D41 /* Main.storyboard in Resources */ = {isa = PBXBuildFile; fileRef = 08F7A69425B074C000250D41 /* Main.storyboard */; };
		08F7A69825B074C100250D41 /* Assets.xcassets in Resources */ = {isa = PBXBuildFile; fileRef = 08F7A69725B074C100250D41 /* Assets.xcassets */; };
		08F7A69B25B074C100250D41 /* LaunchScreen.storyboard in Resources */ = {isa = PBXBuildFile; fileRef = 08F7A69925B074C100250D41 /* LaunchScreen.storyboard */; };
		08F7A6A625B074D100250D41 /* Marker.swift in Sources */ = {isa = PBXBuildFile; fileRef = 08F7A6A525B074D100250D41 /* Marker.swift */; };
/* End PBXBuildFile section */

/* Begin PBXFileReference section */
		08990CF726467BAF004202BA /* README.md */ = {isa = PBXFileReference; lastKnownFileType = net.daringfireball.markdown; name = README.md; path = ../README.md; sourceTree = "<group>"; };
		08B71FC625C04DED00D1FF60 /* +Info.swift */ = {isa = PBXFileReference; fileEncoding = 4; lastKnownFileType = sourcecode.swift; path = "+Info.swift"; sourceTree = "<group>"; };
		08B71FC725C04DED00D1FF60 /* +Appearence.swift */ = {isa = PBXFileReference; fileEncoding = 4; lastKnownFileType = sourcecode.swift; path = "+Appearence.swift"; sourceTree = "<group>"; };
		08F7A68B25B074C000250D41 /* Marker.app */ = {isa = PBXFileReference; explicitFileType = wrapper.application; includeInIndex = 0; path = Marker.app; sourceTree = BUILT_PRODUCTS_DIR; };
		08F7A68E25B074C000250D41 /* AppDelegate.swift */ = {isa = PBXFileReference; lastKnownFileType = sourcecode.swift; path = AppDelegate.swift; sourceTree = "<group>"; };
		08F7A69025B074C000250D41 /* SceneDelegate.swift */ = {isa = PBXFileReference; lastKnownFileType = sourcecode.swift; path = SceneDelegate.swift; sourceTree = "<group>"; };
		08F7A69225B074C000250D41 /* ViewController.swift */ = {isa = PBXFileReference; lastKnownFileType = sourcecode.swift; path = ViewController.swift; sourceTree = "<group>"; };
		08F7A69525B074C000250D41 /* Base */ = {isa = PBXFileReference; lastKnownFileType = file.storyboard; name = Base; path = Base.lproj/Main.storyboard; sourceTree = "<group>"; };
		08F7A69725B074C100250D41 /* Assets.xcassets */ = {isa = PBXFileReference; lastKnownFileType = folder.assetcatalog; path = Assets.xcassets; sourceTree = "<group>"; };
		08F7A69A25B074C100250D41 /* Base */ = {isa = PBXFileReference; lastKnownFileType = file.storyboard; name = Base; path = Base.lproj/LaunchScreen.storyboard; sourceTree = "<group>"; };
		08F7A69C25B074C100250D41 /* Info.plist */ = {isa = PBXFileReference; lastKnownFileType = text.plist.xml; path = Info.plist; sourceTree = "<group>"; };
		08F7A6A525B074D100250D41 /* Marker.swift */ = {isa = PBXFileReference; fileEncoding = 4; lastKnownFileType = sourcecode.swift; path = Marker.swift; sourceTree = "<group>"; };
/* End PBXFileReference section */

/* Begin PBXFrameworksBuildPhase section */
		08F7A68825B074C000250D41 /* Frameworks */ = {
			isa = PBXFrameworksBuildPhase;
			buildActionMask = 2147483647;
			files = (
			);
			runOnlyForDeploymentPostprocessing = 0;
		};
/* End PBXFrameworksBuildPhase section */

/* Begin PBXGroup section */
		08F7A68225B074C000250D41 = {
			isa = PBXGroup;
			children = (
				08990CF726467BAF004202BA /* README.md */,
				08F7A6A325B074D100250D41 /* Sources */,
				08F7A68D25B074C000250D41 /* Marker */,
				08F7A68C25B074C000250D41 /* Products */,
			);
			sourceTree = "<group>";
		};
		08F7A68C25B074C000250D41 /* Products */ = {
			isa = PBXGroup;
			children = (
				08F7A68B25B074C000250D41 /* Marker.app */,
			);
			name = Products;
			sourceTree = "<group>";
		};
		08F7A68D25B074C000250D41 /* Marker */ = {
			isa = PBXGroup;
			children = (
				08F7A68E25B074C000250D41 /* AppDelegate.swift */,
				08F7A69025B074C000250D41 /* SceneDelegate.swift */,
				08F7A69225B074C000250D41 /* ViewController.swift */,
				08F7A69425B074C000250D41 /* Main.storyboard */,
				08F7A69725B074C100250D41 /* Assets.xcassets */,
				08F7A69925B074C100250D41 /* LaunchScreen.storyboard */,
				08F7A69C25B074C100250D41 /* Info.plist */,
			);
			path = Marker;
			sourceTree = "<group>";
		};
		08F7A6A325B074D100250D41 /* Sources */ = {
			isa = PBXGroup;
			children = (
				08F7A6A425B074D100250D41 /* Marker */,
			);
			name = Sources;
			path = ../Sources;
			sourceTree = "<group>";
		};
		08F7A6A425B074D100250D41 /* Marker */ = {
			isa = PBXGroup;
			children = (
				08B71FC725C04DED00D1FF60 /* +Appearence.swift */,
				08B71FC625C04DED00D1FF60 /* +Info.swift */,
				08F7A6A525B074D100250D41 /* Marker.swift */,
			);
			path = Marker;
			sourceTree = "<group>";
		};
/* End PBXGroup section */

/* Begin PBXNativeTarget section */
		08F7A68A25B074C000250D41 /* Marker */ = {
			isa = PBXNativeTarget;
			buildConfigurationList = 08F7A69F25B074C100250D41 /* Build configuration list for PBXNativeTarget "Marker" */;
			buildPhases = (
				08F7A68725B074C000250D41 /* Sources */,
				08F7A68825B074C000250D41 /* Frameworks */,
				08F7A68925B074C000250D41 /* Resources */,
			);
			buildRules = (
			);
			dependencies = (
			);
			name = Marker;
			productName = Marker;
			productReference = 08F7A68B25B074C000250D41 /* Marker.app */;
			productType = "com.apple.product-type.application";
		};
/* End PBXNativeTarget section */

/* Begin PBXProject section */
		08F7A68325B074C000250D41 /* Project object */ = {
			isa = PBXProject;
			attributes = {
				LastSwiftUpdateCheck = 1230;
				LastUpgradeCheck = 1230;
				TargetAttributes = {
					08F7A68A25B074C000250D41 = {
						CreatedOnToolsVersion = 12.3;
					};
				};
			};
			buildConfigurationList = 08F7A68625B074C000250D41 /* Build configuration list for PBXProject "Marker" */;
			compatibilityVersion = "Xcode 9.3";
			developmentRegion = en;
			hasScannedForEncodings = 0;
			knownRegions = (
				en,
				Base,
			);
			mainGroup = 08F7A68225B074C000250D41;
			productRefGroup = 08F7A68C25B074C000250D41 /* Products */;
			projectDirPath = "";
			projectRoot = "";
			targets = (
				08F7A68A25B074C000250D41 /* Marker */,
			);
		};
/* End PBXProject section */

/* Begin PBXResourcesBuildPhase section */
		08F7A68925B074C000250D41 /* Resources */ = {
			isa = PBXResourcesBuildPhase;
			buildActionMask = 2147483647;
			files = (
				08F7A69B25B074C100250D41 /* LaunchScreen.storyboard in Resources */,
				08F7A69825B074C100250D41 /* Assets.xcassets in Resources */,
				08F7A69625B074C000250D41 /* Main.storyboard in Resources */,
			);
			runOnlyForDeploymentPostprocessing = 0;
		};
/* End PBXResourcesBuildPhase section */

/* Begin PBXSourcesBuildPhase section */
		08F7A68725B074C000250D41 /* Sources */ = {
			isa = PBXSourcesBuildPhase;
			buildActionMask = 2147483647;
			files = (
				08F7A69325B074C000250D41 /* ViewController.swift in Sources */,
				08B71FC825C04DED00D1FF60 /* +Info.swift in Sources */,
				08F7A6A625B074D100250D41 /* Marker.swift in Sources */,
				08F7A68F25B074C000250D41 /* AppDelegate.swift in Sources */,
				08F7A69125B074C000250D41 /* SceneDelegate.swift in Sources */,
				08B71FC925C04DED00D1FF60 /* +Appearence.swift in Sources */,
			);
			runOnlyForDeploymentPostprocessing = 0;
		};
/* End PBXSourcesBuildPhase section */

/* Begin PBXVariantGroup section */
		08F7A69425B074C000250D41 /* Main.storyboard */ = {
			isa = PBXVariantGroup;
			children = (
				08F7A69525B074C000250D41 /* Base */,
			);
			name = Main.storyboard;
			sourceTree = "<group>";
		};
		08F7A69925B074C100250D41 /* LaunchScreen.storyboard */ = {
			isa = PBXVariantGroup;
			children = (
				08F7A69A25B074C100250D41 /* Base */,
			);
			name = LaunchScreen.storyboard;
			sourceTree = "<group>";
		};
/* End PBXVariantGroup section */

/* Begin XCBuildConfiguration section */
		08F7A69D25B074C100250D41 /* Debug */ = {
			isa = XCBuildConfiguration;
			buildSettings = {
				ALWAYS_SEARCH_USER_PATHS = NO;
				CLANG_ANALYZER_NONNULL = YES;
				CLANG_ANALYZER_NUMBER_OBJECT_CONVERSION = YES_AGGRESSIVE;
				CLANG_CXX_LANGUAGE_STANDARD = "gnu++14";
				CLANG_CXX_LIBRARY = "libc++";
				CLANG_ENABLE_MODULES = YES;
				CLANG_ENABLE_OBJC_ARC = YES;
				CLANG_ENABLE_OBJC_WEAK = YES;
				CLANG_WARN_BLOCK_CAPTURE_AUTORELEASING = YES;
				CLANG_WARN_BOOL_CONVERSION = YES;
				CLANG_WARN_COMMA = YES;
				CLANG_WARN_CONSTANT_CONVERSION = YES;
				CLANG_WARN_DEPRECATED_OBJC_IMPLEMENTATIONS = YES;
				CLANG_WARN_DIRECT_OBJC_ISA_USAGE = YES_ERROR;
				CLANG_WARN_DOCUMENTATION_COMMENTS = YES;
				CLANG_WARN_EMPTY_BODY = YES;
				CLANG_WARN_ENUM_CONVERSION = YES;
				CLANG_WARN_INFINITE_RECURSION = YES;
				CLANG_WARN_INT_CONVERSION = YES;
				CLANG_WARN_NON_LITERAL_NULL_CONVERSION = YES;
				CLANG_WARN_OBJC_IMPLICIT_RETAIN_SELF = YES;
				CLANG_WARN_OBJC_LITERAL_CONVERSION = YES;
				CLANG_WARN_OBJC_ROOT_CLASS = YES_ERROR;
				CLANG_WARN_QUOTED_INCLUDE_IN_FRAMEWORK_HEADER = YES;
				CLANG_WARN_RANGE_LOOP_ANALYSIS = YES;
				CLANG_WARN_STRICT_PROTOTYPES = YES;
				CLANG_WARN_SUSPICIOUS_MOVE = YES;
				CLANG_WARN_UNGUARDED_AVAILABILITY = YES_AGGRESSIVE;
				CLANG_WARN_UNREACHABLE_CODE = YES;
				CLANG_WARN__DUPLICATE_METHOD_MATCH = YES;
				COPY_PHASE_STRIP = NO;
				DEBUG_INFORMATION_FORMAT = dwarf;
				ENABLE_STRICT_OBJC_MSGSEND = YES;
				ENABLE_TESTABILITY = YES;
				GCC_C_LANGUAGE_STANDARD = gnu11;
				GCC_DYNAMIC_NO_PIC = NO;
				GCC_NO_COMMON_BLOCKS = YES;
				GCC_OPTIMIZATION_LEVEL = 0;
				GCC_PREPROCESSOR_DEFINITIONS = (
					"DEBUG=1",
					"$(inherited)",
				);
				GCC_WARN_64_TO_32_BIT_CONVERSION = YES;
				GCC_WARN_ABOUT_RETURN_TYPE = YES_ERROR;
				GCC_WARN_UNDECLARED_SELECTOR = YES;
				GCC_WARN_UNINITIALIZED_AUTOS = YES_AGGRESSIVE;
				GCC_WARN_UNUSED_FUNCTION = YES;
				GCC_WARN_UNUSED_VARIABLE = YES;
				IPHONEOS_DEPLOYMENT_TARGET = 14.3;
				MTL_ENABLE_DEBUG_INFO = INCLUDE_SOURCE;
				MTL_FAST_MATH = YES;
				ONLY_ACTIVE_ARCH = YES;
				SDKROOT = iphoneos;
				SWIFT_ACTIVE_COMPILATION_CONDITIONS = DEBUG;
				SWIFT_OPTIMIZATION_LEVEL = "-Onone";
			};
			name = Debug;
		};
		08F7A69E25B074C100250D41 /* Release */ = {
			isa = XCBuildConfiguration;
			buildSettings = {
				ALWAYS_SEARCH_USER_PATHS = NO;
				CLANG_ANALYZER_NONNULL = YES;
				CLANG_ANALYZER_NUMBER_OBJECT_CONVERSION = YES_AGGRESSIVE;
				CLANG_CXX_LANGUAGE_STANDARD = "gnu++14";
				CLANG_CXX_LIBRARY = "libc++";
				CLANG_ENABLE_MODULES = YES;
				CLANG_ENABLE_OBJC_ARC = YES;
				CLANG_ENABLE_OBJC_WEAK = YES;
				CLANG_WARN_BLOCK_CAPTURE_AUTORELEASING = YES;
				CLANG_WARN_BOOL_CONVERSION = YES;
				CLANG_WARN_COMMA = YES;
				CLANG_WARN_CONSTANT_CONVERSION = YES;
				CLANG_WARN_DEPRECATED_OBJC_IMPLEMENTATIONS = YES;
				CLANG_WARN_DIRECT_OBJC_ISA_USAGE = YES_ERROR;
				CLANG_WARN_DOCUMENTATION_COMMENTS = YES;
				CLANG_WARN_EMPTY_BODY = YES;
				CLANG_WARN_ENUM_CONVERSION = YES;
				CLANG_WARN_INFINITE_RECURSION = YES;
				CLANG_WARN_INT_CONVERSION = YES;
				CLANG_WARN_NON_LITERAL_NULL_CONVERSION = YES;
				CLANG_WARN_OBJC_IMPLICIT_RETAIN_SELF = YES;
				CLANG_WARN_OBJC_LITERAL_CONVERSION = YES;
				CLANG_WARN_OBJC_ROOT_CLASS = YES_ERROR;
				CLANG_WARN_QUOTED_INCLUDE_IN_FRAMEWORK_HEADER = YES;
				CLANG_WARN_RANGE_LOOP_ANALYSIS = YES;
				CLANG_WARN_STRICT_PROTOTYPES = YES;
				CLANG_WARN_SUSPICIOUS_MOVE = YES;
				CLANG_WARN_UNGUARDED_AVAILABILITY = YES_AGGRESSIVE;
				CLANG_WARN_UNREACHABLE_CODE = YES;
				CLANG_WARN__DUPLICATE_METHOD_MATCH = YES;
				COPY_PHASE_STRIP = NO;
				DEBUG_INFORMATION_FORMAT = "dwarf-with-dsym";
				ENABLE_NS_ASSERTIONS = NO;
				ENABLE_STRICT_OBJC_MSGSEND = YES;
				GCC_C_LANGUAGE_STANDARD = gnu11;
				GCC_NO_COMMON_BLOCKS = YES;
				GCC_WARN_64_TO_32_BIT_CONVERSION = YES;
				GCC_WARN_ABOUT_RETURN_TYPE = YES_ERROR;
				GCC_WARN_UNDECLARED_SELECTOR = YES;
				GCC_WARN_UNINITIALIZED_AUTOS = YES_AGGRESSIVE;
				GCC_WARN_UNUSED_FUNCTION = YES;
				GCC_WARN_UNUSED_VARIABLE = YES;
				IPHONEOS_DEPLOYMENT_TARGET = 14.3;
				MTL_ENABLE_DEBUG_INFO = NO;
				MTL_FAST_MATH = YES;
				SDKROOT = iphoneos;
				SWIFT_COMPILATION_MODE = wholemodule;
				SWIFT_OPTIMIZATION_LEVEL = "-O";
				VALIDATE_PRODUCT = YES;
			};
			name = Release;
		};
		08F7A6A025B074C100250D41 /* Debug */ = {
			isa = XCBuildConfiguration;
			buildSettings = {
				ASSETCATALOG_COMPILER_APPICON_NAME = AppIcon;
				ASSETCATALOG_COMPILER_GLOBAL_ACCENT_COLOR_NAME = AccentColor;
				CODE_SIGN_STYLE = Automatic;
				DEVELOPMENT_TEAM = 43X8FP9T7B;
				INFOPLIST_FILE = Marker/Info.plist;
				IPHONEOS_DEPLOYMENT_TARGET = 14.3;
				LD_RUNPATH_SEARCH_PATHS = (
					"$(inherited)",
					"@executable_path/Frameworks",
				);
				PRODUCT_BUNDLE_IDENTIFIER = cc.iwecon.Marker.x;
				PRODUCT_NAME = "$(TARGET_NAME)";
				SWIFT_VERSION = 5.0;
				TARGETED_DEVICE_FAMILY = "1,2";
			};
			name = Debug;
		};
		08F7A6A125B074C100250D41 /* Release */ = {
			isa = XCBuildConfiguration;
			buildSettings = {
				ASSETCATALOG_COMPILER_APPICON_NAME = AppIcon;
				ASSETCATALOG_COMPILER_GLOBAL_ACCENT_COLOR_NAME = AccentColor;
				CODE_SIGN_STYLE = Automatic;
				DEVELOPMENT_TEAM = 43X8FP9T7B;
				INFOPLIST_FILE = Marker/Info.plist;
				IPHONEOS_DEPLOYMENT_TARGET = 14.3;
				LD_RUNPATH_SEARCH_PATHS = (
					"$(inherited)",
					"@executable_path/Frameworks",
				);
				PRODUCT_BUNDLE_IDENTIFIER = cc.iwecon.Marker.x;
				PRODUCT_NAME = "$(TARGET_NAME)";
				SWIFT_VERSION = 5.0;
				TARGETED_DEVICE_FAMILY = "1,2";
			};
			name = Release;
		};
/* End XCBuildConfiguration section */

/* Begin XCConfigurationList section */
		08F7A68625B074C000250D41 /* Build configuration list for PBXProject "Marker" */ = {
			isa = XCConfigurationList;
			buildConfigurations = (
				08F7A69D25B074C100250D41 /* Debug */,
				08F7A69E25B074C100250D41 /* Release */,
			);
			defaultConfigurationIsVisible = 0;
			defaultConfigurationName = Release;
		};
		08F7A69F25B074C100250D41 /* Build configuration list for PBXNativeTarget "Marker" */ = {
			isa = XCConfigurationList;
			buildConfigurations = (
				08F7A6A025B074C100250D41 /* Debug */,
				08F7A6A125B074C100250D41 /* Release */,
			);
			defaultConfigurationIsVisible = 0;
			defaultConfigurationName = Release;
		};
/* End XCConfigurationList section */
	};
	rootObject = 08F7A68325B074C000250D41 /* Project object */;
}
